lockfileVersion: imaginary

workspaceConsistent:
  # Spaces after each block are intentional to help git auto merge version changes.
  jest:
    specifier: ^27.5.1
    dependency: 27.5.1

  react:
    specifier: ^18.0.0
    dependency: 18.0.0

  react-dom:
    specifier: ^18.0.0
    dependency: 18.0.0

importers:

  .:
    specifiers: {}

  packages/bar:
    specifiers:
      jest: workspace-consistent:
      react: workspace-consistent:
      react-dom: workspace-consistent:
    dependencies:
      react: workspace-consistent:
      react-dom: workspace-consistent:_react@workspace-consistent:
    devDependencies:
      jest: workspace-consistent:

  packages/foo:
    specifiers:
      react: workspace-consistent:
    dependencies:
      react: workspace-consistent:

packages:

  # Packages section manually removed to focus on "importers" section.
